// !$*UTF8*$!
{
	archiveVersion = 1;
	classes = {
	};
	objectVersion = 50;
	objects = {

/* Begin PBXBuildFile section */
		272DC11722DD14B60004E866 /* BaseSlidingController.swift in Sources */ = {isa = PBXBuildFile; fileRef = 272DC11622DD14B60004E866 /* BaseSlidingController.swift */; };
		272DC11A22DD31200004E866 /* CustomMenuHeaderView.swift in Sources */ = {isa = PBXBuildFile; fileRef = 272DC11922DD31200004E866 /* CustomMenuHeaderView.swift */; };
		272DC11C22DD65530004E866 /* SpacerView.swift in Sources */ = {isa = PBXBuildFile; fileRef = 272DC11B22DD65530004E866 /* SpacerView.swift */; };
		272DC11E22DD6A0B0004E866 /* ProfileImageView.swift in Sources */ = {isa = PBXBuildFile; fileRef = 272DC11D22DD6A0B0004E866 /* ProfileImageView.swift */; };
		272DC12022DD71250004E866 /* MenuItemcellTableViewCell.swift in Sources */ = {isa = PBXBuildFile; fileRef = 272DC11F22DD71250004E866 /* MenuItemcellTableViewCell.swift */; };
		272DC12222DD85C50004E866 /* ListaController.swift in Sources */ = {isa = PBXBuildFile; fileRef = 272DC12122DD85C50004E866 /* ListaController.swift */; };
		272DC12422DD88210004E866 /* FavoritosController.swift in Sources */ = {isa = PBXBuildFile; fileRef = 272DC12322DD88210004E866 /* FavoritosController.swift */; };
		272DC12622DD88300004E866 /* MomentoController.swift in Sources */ = {isa = PBXBuildFile; fileRef = 272DC12522DD88300004E866 /* MomentoController.swift */; };
		272DC12922DE4A0A0004E866 /* UIViewExtension.swift in Sources */ = {isa = PBXBuildFile; fileRef = 272DC12822DE4A0A0004E866 /* UIViewExtension.swift */; };
		272DC12C22DE4C980004E866 /* MovieItem.swift in Sources */ = {isa = PBXBuildFile; fileRef = 272DC12B22DE4C980004E866 /* MovieItem.swift */; };
		272DC13022DE4E0F0004E866 /* MoviewCell.swift in Sources */ = {isa = PBXBuildFile; fileRef = 272DC12F22DE4E0F0004E866 /* MoviewCell.swift */; };
		272DC13222DE53DC0004E866 /* VerticalStackView.swift in Sources */ = {isa = PBXBuildFile; fileRef = 272DC13122DE53DC0004E866 /* VerticalStackView.swift */; };
		272DC13422DE64260004E866 /* DetallePeliculaController.swift in Sources */ = {isa = PBXBuildFile; fileRef = 272DC13322DE64260004E866 /* DetallePeliculaController.swift */; };
		272DC13922DE68330004E866 /* Extensions.swift in Sources */ = {isa = PBXBuildFile; fileRef = 272DC13822DE68330004E866 /* Extensions.swift */; };
		272DC13B22DE6C690004E866 /* LoginController.swift in Sources */ = {isa = PBXBuildFile; fileRef = 272DC13A22DE6C690004E866 /* LoginController.swift */; };
		272FA08122D38F550059585B /* AppDelegate.swift in Sources */ = {isa = PBXBuildFile; fileRef = 272FA08022D38F550059585B /* AppDelegate.swift */; };
		272FA08322D38F550059585B /* HomeController.swift in Sources */ = {isa = PBXBuildFile; fileRef = 272FA08222D38F550059585B /* HomeController.swift */; };
		272FA08622D38F550059585B /* Main.storyboard in Resources */ = {isa = PBXBuildFile; fileRef = 272FA08422D38F550059585B /* Main.storyboard */; };
		272FA08822D38F560059585B /* Assets.xcassets in Resources */ = {isa = PBXBuildFile; fileRef = 272FA08722D38F560059585B /* Assets.xcassets */; };
		272FA08B22D38F560059585B /* LaunchScreen.storyboard in Resources */ = {isa = PBXBuildFile; fileRef = 272FA08922D38F560059585B /* LaunchScreen.storyboard */; };
		272FA09422D54E050059585B /* MenuController.swift in Sources */ = {isa = PBXBuildFile; fileRef = 272FA09322D54E050059585B /* MenuController.swift */; };
		2794227922E69BB100F9CD89 /* PDFViewController.swift in Sources */ = {isa = PBXBuildFile; fileRef = 2794227822E69BB100F9CD89 /* PDFViewController.swift */; };
		2794227B22E69C0000F9CD89 /* OutlineTableViewController.swift in Sources */ = {isa = PBXBuildFile; fileRef = 2794227A22E69C0000F9CD89 /* OutlineTableViewController.swift */; };
/* End PBXBuildFile section */

/* Begin PBXFileReference section */
		272DC11622DD14B60004E866 /* BaseSlidingController.swift */ = {isa = PBXFileReference; lastKnownFileType = sourcecode.swift; path = BaseSlidingController.swift; sourceTree = "<group>"; };
		272DC11922DD31200004E866 /* CustomMenuHeaderView.swift */ = {isa = PBXFileReference; lastKnownFileType = sourcecode.swift; path = CustomMenuHeaderView.swift; sourceTree = "<group>"; };
		272DC11B22DD65530004E866 /* SpacerView.swift */ = {isa = PBXFileReference; lastKnownFileType = sourcecode.swift; path = SpacerView.swift; sourceTree = "<group>"; };
		272DC11D22DD6A0B0004E866 /* ProfileImageView.swift */ = {isa = PBXFileReference; lastKnownFileType = sourcecode.swift; path = ProfileImageView.swift; sourceTree = "<group>"; };
		272DC11F22DD71250004E866 /* MenuItemcellTableViewCell.swift */ = {isa = PBXFileReference; lastKnownFileType = sourcecode.swift; path = MenuItemcellTableViewCell.swift; sourceTree = "<group>"; };
		272DC12122DD85C50004E866 /* ListaController.swift */ = {isa = PBXFileReference; lastKnownFileType = sourcecode.swift; path = ListaController.swift; sourceTree = "<group>"; };
		272DC12322DD88210004E866 /* FavoritosController.swift */ = {isa = PBXFileReference; lastKnownFileType = sourcecode.swift; path = FavoritosController.swift; sourceTree = "<group>"; };
		272DC12522DD88300004E866 /* MomentoController.swift */ = {isa = PBXFileReference; lastKnownFileType = sourcecode.swift; path = MomentoController.swift; sourceTree = "<group>"; };
		272DC12822DE4A0A0004E866 /* UIViewExtension.swift */ = {isa = PBXFileReference; lastKnownFileType = sourcecode.swift; path = UIViewExtension.swift; sourceTree = "<group>"; };
		272DC12B22DE4C980004E866 /* MovieItem.swift */ = {isa = PBXFileReference; lastKnownFileType = sourcecode.swift; path = MovieItem.swift; sourceTree = "<group>"; };
		272DC12F22DE4E0F0004E866 /* MoviewCell.swift */ = {isa = PBXFileReference; lastKnownFileType = sourcecode.swift; path = MoviewCell.swift; sourceTree = "<group>"; };
		272DC13122DE53DC0004E866 /* VerticalStackView.swift */ = {isa = PBXFileReference; lastKnownFileType = sourcecode.swift; path = VerticalStackView.swift; sourceTree = "<group>"; };
		272DC13322DE64260004E866 /* DetallePeliculaController.swift */ = {isa = PBXFileReference; lastKnownFileType = sourcecode.swift; path = DetallePeliculaController.swift; sourceTree = "<group>"; };
		272DC13822DE68330004E866 /* Extensions.swift */ = {isa = PBXFileReference; lastKnownFileType = sourcecode.swift; path = Extensions.swift; sourceTree = "<group>"; };
		272DC13A22DE6C690004E866 /* LoginController.swift */ = {isa = PBXFileReference; lastKnownFileType = sourcecode.swift; path = LoginController.swift; sourceTree = "<group>"; };
		272FA07D22D38F550059585B /* PeliculasWithMenu.app */ = {isa = PBXFileReference; explicitFileType = wrapper.application; includeInIndex = 0; path = PeliculasWithMenu.app; sourceTree = BUILT_PRODUCTS_DIR; };
		272FA08022D38F550059585B /* AppDelegate.swift */ = {isa = PBXFileReference; lastKnownFileType = sourcecode.swift; path = AppDelegate.swift; sourceTree = "<group>"; };
		272FA08222D38F550059585B /* HomeController.swift */ = {isa = PBXFileReference; lastKnownFileType = sourcecode.swift; path = HomeController.swift; sourceTree = "<group>"; };
		272FA08522D38F550059585B /* Base */ = {isa = PBXFileReference; lastKnownFileType = file.storyboard; name = Base; path = Base.lproj/Main.storyboard; sourceTree = "<group>"; };
		272FA08722D38F560059585B /* Assets.xcassets */ = {isa = PBXFileReference; lastKnownFileType = folder.assetcatalog; path = Assets.xcassets; sourceTree = "<group>"; };
		272FA08A22D38F560059585B /* Base */ = {isa = PBXFileReference; lastKnownFileType = file.storyboard; name = Base; path = Base.lproj/LaunchScreen.storyboard; sourceTree = "<group>"; };
		272FA08C22D38F560059585B /* Info.plist */ = {isa = PBXFileReference; lastKnownFileType = text.plist.xml; path = Info.plist; sourceTree = "<group>"; };
		272FA09322D54E050059585B /* MenuController.swift */ = {isa = PBXFileReference; lastKnownFileType = sourcecode.swift; path = MenuController.swift; sourceTree = "<group>"; };
		2794227822E69BB100F9CD89 /* PDFViewController.swift */ = {isa = PBXFileReference; lastKnownFileType = sourcecode.swift; path = PDFViewController.swift; sourceTree = "<group>"; };
		2794227A22E69C0000F9CD89 /* OutlineTableViewController.swift */ = {isa = PBXFileReference; lastKnownFileType = sourcecode.swift; path = OutlineTableViewController.swift; sourceTree = "<group>"; };
/* End PBXFileReference section */

/* Begin PBXFrameworksBuildPhase section */
		272FA07A22D38F550059585B /* Frameworks */ = {
			isa = PBXFrameworksBuildPhase;
			buildActionMask = 2147483647;
			files = (
			);
			runOnlyForDeploymentPostprocessing = 0;
		};
/* End PBXFrameworksBuildPhase section */

/* Begin PBXGroup section */
		272DC11522DD14980004E866 /* Base */ = {
			isa = PBXGroup;
			children = (
				272DC11622DD14B60004E866 /* BaseSlidingController.swift */,
			);
			path = Base;
			sourceTree = "<group>";
		};
		272DC11822DD31080004E866 /* Views */ = {
			isa = PBXGroup;
			children = (
				272DC13722DE656B0004E866 /* Menu */,
				272DC12E22DE4DE60004E866 /* Movie */,
			);
			path = Views;
			sourceTree = "<group>";
		};
		272DC12722DE49B20004E866 /* Helpers */ = {
			isa = PBXGroup;
			children = (
				272DC12822DE4A0A0004E866 /* UIViewExtension.swift */,
				272DC13122DE53DC0004E866 /* VerticalStackView.swift */,
				272DC13822DE68330004E866 /* Extensions.swift */,
			);
			path = Helpers;
			sourceTree = "<group>";
		};
		272DC12A22DE4B3C0004E866 /* Movie */ = {
			isa = PBXGroup;
			children = (
				272DC12B22DE4C980004E866 /* MovieItem.swift */,
			);
			path = Movie;
			sourceTree = "<group>";
		};
		272DC12D22DE4DD10004E866 /* Model */ = {
			isa = PBXGroup;
			children = (
				272DC12A22DE4B3C0004E866 /* Movie */,
			);
			path = Model;
			sourceTree = "<group>";
		};
		272DC12E22DE4DE60004E866 /* Movie */ = {
			isa = PBXGroup;
			children = (
				272DC12F22DE4E0F0004E866 /* MoviewCell.swift */,
			);
			path = Movie;
			sourceTree = "<group>";
		};
		272DC13522DE65380004E866 /* Home */ = {
			isa = PBXGroup;
			children = (
				272FA08222D38F550059585B /* HomeController.swift */,
				272DC13322DE64260004E866 /* DetallePeliculaController.swift */,
			);
			path = Home;
			sourceTree = "<group>";
		};
		272DC13622DE654B0004E866 /* Menu */ = {
			isa = PBXGroup;
			children = (
				272FA09322D54E050059585B /* MenuController.swift */,
			);
			path = Menu;
			sourceTree = "<group>";
		};
		272DC13722DE656B0004E866 /* Menu */ = {
			isa = PBXGroup;
			children = (
				272DC11922DD31200004E866 /* CustomMenuHeaderView.swift */,
				272DC11B22DD65530004E866 /* SpacerView.swift */,
				272DC11D22DD6A0B0004E866 /* ProfileImageView.swift */,
				272DC11F22DD71250004E866 /* MenuItemcellTableViewCell.swift */,
			);
			path = Menu;
			sourceTree = "<group>";
		};
		272FA07422D38F550059585B = {
			isa = PBXGroup;
			children = (
				272FA07F22D38F550059585B /* PeliculasWithMenu */,
				272FA07E22D38F550059585B /* Products */,
			);
			sourceTree = "<group>";
		};
		272FA07E22D38F550059585B /* Products */ = {
			isa = PBXGroup;
			children = (
				272FA07D22D38F550059585B /* PeliculasWithMenu.app */,
			);
			name = Products;
			sourceTree = "<group>";
		};
		272FA07F22D38F550059585B /* PeliculasWithMenu */ = {
			isa = PBXGroup;
			children = (
				272DC12D22DE4DD10004E866 /* Model */,
				272DC12722DE49B20004E866 /* Helpers */,
				272DC11822DD31080004E866 /* Views */,
				272FA09222D54DE30059585B /* Controllers */,
				272FA08022D38F550059585B /* AppDelegate.swift */,
				272FA08422D38F550059585B /* Main.storyboard */,
				272FA08722D38F560059585B /* Assets.xcassets */,
				272FA08922D38F560059585B /* LaunchScreen.storyboard */,
				272FA08C22D38F560059585B /* Info.plist */,
			);
			path = PeliculasWithMenu;
			sourceTree = "<group>";
		};
		272FA09222D54DE30059585B /* Controllers */ = {
			isa = PBXGroup;
			children = (
				2794227C22E6B54300F9CD89 /* PDFs */,
				272DC13622DE654B0004E866 /* Menu */,
				272DC13522DE65380004E866 /* Home */,
				272DC11522DD14980004E866 /* Base */,
				272DC12322DD88210004E866 /* FavoritosController.swift */,
				272DC13A22DE6C690004E866 /* LoginController.swift */,
			);
			path = Controllers;
			sourceTree = "<group>";
		};
		2794227C22E6B54300F9CD89 /* PDFs */ = {
			isa = PBXGroup;
			children = (
				272DC12122DD85C50004E866 /* ListaController.swift */,
				2794227822E69BB100F9CD89 /* PDFViewController.swift */,
				2794227A22E69C0000F9CD89 /* OutlineTableViewController.swift */,
				272DC12522DD88300004E866 /* MomentoController.swift */,
			);
			path = PDFs;
			sourceTree = "<group>";
		};
/* End PBXGroup section */

/* Begin PBXNativeTarget section */
		272FA07C22D38F550059585B /* PeliculasWithMenu */ = {
			isa = PBXNativeTarget;
			buildConfigurationList = 272FA08F22D38F560059585B /* Build configuration list for PBXNativeTarget "PeliculasWithMenu" */;
			buildPhases = (
				272FA07922D38F550059585B /* Sources */,
				272FA07A22D38F550059585B /* Frameworks */,
				272FA07B22D38F550059585B /* Resources */,
			);
			buildRules = (
			);
			dependencies = (
			);
			name = PeliculasWithMenu;
			productName = PeliculasWithMenu;
			productReference = 272FA07D22D38F550059585B /* PeliculasWithMenu.app */;
			productType = "com.apple.product-type.application";
		};
/* End PBXNativeTarget section */

/* Begin PBXProject section */
		272FA07522D38F550059585B /* Project object */ = {
			isa = PBXProject;
			attributes = {
				LastSwiftUpdateCheck = 1020;
				LastUpgradeCheck = 1020;
				ORGANIZATIONNAME = "Jorge Casariego";
				TargetAttributes = {
					272FA07C22D38F550059585B = {
						CreatedOnToolsVersion = 10.2.1;
					};
				};
			};
			buildConfigurationList = 272FA07822D38F550059585B /* Build configuration list for PBXProject "PeliculasWithMenu" */;
			compatibilityVersion = "Xcode 9.3";
			developmentRegion = en;
			hasScannedForEncodings = 0;
			knownRegions = (
				en,
				Base,
			);
			mainGroup = 272FA07422D38F550059585B;
			productRefGroup = 272FA07E22D38F550059585B /* Products */;
			projectDirPath = "";
			projectRoot = "";
			targets = (
				272FA07C22D38F550059585B /* PeliculasWithMenu */,
			);
		};
/* End PBXProject section */

/* Begin PBXResourcesBuildPhase section */
		272FA07B22D38F550059585B /* Resources */ = {
			isa = PBXResourcesBuildPhase;
			buildActionMask = 2147483647;
			files = (
				272FA08B22D38F560059585B /* LaunchScreen.storyboard in Resources */,
				272FA08822D38F560059585B /* Assets.xcassets in Resources */,
				272FA08622D38F550059585B /* Main.storyboard in Resources */,
			);
			runOnlyForDeploymentPostprocessing = 0;
		};
/* End PBXResourcesBuildPhase section */

/* Begin PBXSourcesBuildPhase section */
		272FA07922D38F550059585B /* Sources */ = {
			isa = PBXSourcesBuildPhase;
			buildActionMask = 2147483647;
			files = (
				272FA08322D38F550059585B /* HomeController.swift in Sources */,
				2794227922E69BB100F9CD89 /* PDFViewController.swift in Sources */,
				272DC12222DD85C50004E866 /* ListaController.swift in Sources */,
				272DC13022DE4E0F0004E866 /* MoviewCell.swift in Sources */,
				2794227B22E69C0000F9CD89 /* OutlineTableViewController.swift in Sources */,
				272DC12022DD71250004E866 /* MenuItemcellTableViewCell.swift in Sources */,
				272DC13222DE53DC0004E866 /* VerticalStackView.swift in Sources */,
				272DC11E22DD6A0B0004E866 /* ProfileImageView.swift in Sources */,
				272DC12422DD88210004E866 /* FavoritosController.swift in Sources */,
				272FA09422D54E050059585B /* MenuController.swift in Sources */,
				272DC13422DE64260004E866 /* DetallePeliculaController.swift in Sources */,
				272DC12922DE4A0A0004E866 /* UIViewExtension.swift in Sources */,
				272DC11C22DD65530004E866 /* SpacerView.swift in Sources */,
				272FA08122D38F550059585B /* AppDelegate.swift in Sources */,
				272DC11A22DD31200004E866 /* CustomMenuHeaderView.swift in Sources */,
				272DC13B22DE6C690004E866 /* LoginController.swift in Sources */,
				272DC11722DD14B60004E866 /* BaseSlidingController.swift in Sources */,
				272DC13922DE68330004E866 /* Extensions.swift in Sources */,
				272DC12C22DE4C980004E866 /* MovieItem.swift in Sources */,
				272DC12622DD88300004E866 /* MomentoController.swift in Sources */,
			);
			runOnlyForDeploymentPostprocessing = 0;
		};
/* End PBXSourcesBuildPhase section */

/* Begin PBXVariantGroup section */
		272FA08422D38F550059585B /* Main.storyboard */ = {
			isa = PBXVariantGroup;
			children = (
				272FA08522D38F550059585B /* Base */,
			);
			name = Main.storyboard;
			sourceTree = "<group>";
		};
		272FA08922D38F560059585B /* LaunchScreen.storyboard */ = {
			isa = PBXVariantGroup;
			children = (
				272FA08A22D38F560059585B /* Base */,
			);
			name = LaunchScreen.storyboard;
			sourceTree = "<group>";
		};
/* End PBXVariantGroup section */

/* Begin XCBuildConfiguration section */
		272FA08D22D38F560059585B /* Debug */ = {
			isa = XCBuildConfiguration;
			buildSettings = {
				ALWAYS_SEARCH_USER_PATHS = NO;
				CLANG_ANALYZER_NONNULL = YES;
				CLANG_ANALYZER_NUMBER_OBJECT_CONVERSION = YES_AGGRESSIVE;
				CLANG_CXX_LANGUAGE_STANDARD = "gnu++14";
				CLANG_CXX_LIBRARY = "libc++";
				CLANG_ENABLE_MODULES = YES;
				CLANG_ENABLE_OBJC_ARC = YES;
				CLANG_ENABLE_OBJC_WEAK = YES;
				CLANG_WARN_BLOCK_CAPTURE_AUTORELEASING = YES;
				CLANG_WARN_BOOL_CONVERSION = YES;
				CLANG_WARN_COMMA = YES;
				CLANG_WARN_CONSTANT_CONVERSION = YES;
				CLANG_WARN_DEPRECATED_OBJC_IMPLEMENTATIONS = YES;
				CLANG_WARN_DIRECT_OBJC_ISA_USAGE = YES_ERROR;
				CLANG_WARN_DOCUMENTATION_COMMENTS = YES;
				CLANG_WARN_EMPTY_BODY = YES;
				CLANG_WARN_ENUM_CONVERSION = YES;
				CLANG_WARN_INFINITE_RECURSION = YES;
				CLANG_WARN_INT_CONVERSION = YES;
				CLANG_WARN_NON_LITERAL_NULL_CONVERSION = YES;
				CLANG_WARN_OBJC_IMPLICIT_RETAIN_SELF = YES;
				CLANG_WARN_OBJC_LITERAL_CONVERSION = YES;
				CLANG_WARN_OBJC_ROOT_CLASS = YES_ERROR;
				CLANG_WARN_RANGE_LOOP_ANALYSIS = YES;
				CLANG_WARN_STRICT_PROTOTYPES = YES;
				CLANG_WARN_SUSPICIOUS_MOVE = YES;
				CLANG_WARN_UNGUARDED_AVAILABILITY = YES_AGGRESSIVE;
				CLANG_WARN_UNREACHABLE_CODE = YES;
				CLANG_WARN__DUPLICATE_METHOD_MATCH = YES;
				CODE_SIGN_IDENTITY = "iPhone Developer";
				COPY_PHASE_STRIP = NO;
				DEBUG_INFORMATION_FORMAT = dwarf;
				ENABLE_STRICT_OBJC_MSGSEND = YES;
				ENABLE_TESTABILITY = YES;
				GCC_C_LANGUAGE_STANDARD = gnu11;
				GCC_DYNAMIC_NO_PIC = NO;
				GCC_NO_COMMON_BLOCKS = YES;
				GCC_OPTIMIZATION_LEVEL = 0;
				GCC_PREPROCESSOR_DEFINITIONS = (
					"DEBUG=1",
					"$(inherited)",
				);
				GCC_WARN_64_TO_32_BIT_CONVERSION = YES;
				GCC_WARN_ABOUT_RETURN_TYPE = YES_ERROR;
				GCC_WARN_UNDECLARED_SELECTOR = YES;
				GCC_WARN_UNINITIALIZED_AUTOS = YES_AGGRESSIVE;
				GCC_WARN_UNUSED_FUNCTION = YES;
				GCC_WARN_UNUSED_VARIABLE = YES;
				IPHONEOS_DEPLOYMENT_TARGET = 12.2;
				MTL_ENABLE_DEBUG_INFO = INCLUDE_SOURCE;
				MTL_FAST_MATH = YES;
				ONLY_ACTIVE_ARCH = YES;
				SDKROOT = iphoneos;
				SWIFT_ACTIVE_COMPILATION_CONDITIONS = DEBUG;
				SWIFT_OPTIMIZATION_LEVEL = "-Onone";
			};
			name = Debug;
		};
		272FA08E22D38F560059585B /* Release */ = {
			isa = XCBuildConfiguration;
			buildSettings = {
				ALWAYS_SEARCH_USER_PATHS = NO;
				CLANG_ANALYZER_NONNULL = YES;
				CLANG_ANALYZER_NUMBER_OBJECT_CONVERSION = YES_AGGRESSIVE;
				CLANG_CXX_LANGUAGE_STANDARD = "gnu++14";
				CLANG_CXX_LIBRARY = "libc++";
				CLANG_ENABLE_MODULES = YES;
				CLANG_ENABLE_OBJC_ARC = YES;
				CLANG_ENABLE_OBJC_WEAK = YES;
				CLANG_WARN_BLOCK_CAPTURE_AUTORELEASING = YES;
				CLANG_WARN_BOOL_CONVERSION = YES;
				CLANG_WARN_COMMA = YES;
				CLANG_WARN_CONSTANT_CONVERSION = YES;
				CLANG_WARN_DEPRECATED_OBJC_IMPLEMENTATIONS = YES;
				CLANG_WARN_DIRECT_OBJC_ISA_USAGE = YES_ERROR;
				CLANG_WARN_DOCUMENTATION_COMMENTS = YES;
				CLANG_WARN_EMPTY_BODY = YES;
				CLANG_WARN_ENUM_CONVERSION = YES;
				CLANG_WARN_INFINITE_RECURSION = YES;
				CLANG_WARN_INT_CONVERSION = YES;
				CLANG_WARN_NON_LITERAL_NULL_CONVERSION = YES;
				CLANG_WARN_OBJC_IMPLICIT_RETAIN_SELF = YES;
				CLANG_WARN_OBJC_LITERAL_CONVERSION = YES;
				CLANG_WARN_OBJC_ROOT_CLASS = YES_ERROR;
				CLANG_WARN_RANGE_LOOP_ANALYSIS = YES;
				CLANG_WARN_STRICT_PROTOTYPES = YES;
				CLANG_WARN_SUSPICIOUS_MOVE = YES;
				CLANG_WARN_UNGUARDED_AVAILABILITY = YES_AGGRESSIVE;
				CLANG_WARN_UNREACHABLE_CODE = YES;
				CLANG_WARN__DUPLICATE_METHOD_MATCH = YES;
				CODE_SIGN_IDENTITY = "iPhone Developer";
				COPY_PHASE_STRIP = NO;
				DEBUG_INFORMATION_FORMAT = "dwarf-with-dsym";
				ENABLE_NS_ASSERTIONS = NO;
				ENABLE_STRICT_OBJC_MSGSEND = YES;
				GCC_C_LANGUAGE_STANDARD = gnu11;
				GCC_NO_COMMON_BLOCKS = YES;
				GCC_WARN_64_TO_32_BIT_CONVERSION = YES;
				GCC_WARN_ABOUT_RETURN_TYPE = YES_ERROR;
				GCC_WARN_UNDECLARED_SELECTOR = YES;
				GCC_WARN_UNINITIALIZED_AUTOS = YES_AGGRESSIVE;
				GCC_WARN_UNUSED_FUNCTION = YES;
				GCC_WARN_UNUSED_VARIABLE = YES;
				IPHONEOS_DEPLOYMENT_TARGET = 12.2;
				MTL_ENABLE_DEBUG_INFO = NO;
				MTL_FAST_MATH = YES;
				SDKROOT = iphoneos;
				SWIFT_COMPILATION_MODE = wholemodule;
				SWIFT_OPTIMIZATION_LEVEL = "-O";
				VALIDATE_PRODUCT = YES;
			};
			name = Release;
		};
		272FA09022D38F560059585B /* Debug */ = {
			isa = XCBuildConfiguration;
			buildSettings = {
				ASSETCATALOG_COMPILER_APPICON_NAME = AppIcon;
				CODE_SIGN_STYLE = Automatic;
				DEVELOPMENT_TEAM = UQGJF7PV8L;
				INFOPLIST_FILE = PeliculasWithMenu/Info.plist;
				LD_RUNPATH_SEARCH_PATHS = (
					"$(inherited)",
					"@executable_path/Frameworks",
				);
				PRODUCT_BUNDLE_IDENTIFIER = jorge.casariego.PeliculasWithMenu;
				PRODUCT_NAME = "$(TARGET_NAME)";
				SWIFT_VERSION = 5.0;
				TARGETED_DEVICE_FAMILY = "1,2";
			};
			name = Debug;
		};
		272FA09122D38F560059585B /* Release */ = {
			isa = XCBuildConfiguration;
			buildSettings = {
				ASSETCATALOG_COMPILER_APPICON_NAME = AppIcon;
				CODE_SIGN_STYLE = Automatic;
				DEVELOPMENT_TEAM = UQGJF7PV8L;
				INFOPLIST_FILE = PeliculasWithMenu/Info.plist;
				LD_RUNPATH_SEARCH_PATHS = (
					"$(inherited)",
					"@executable_path/Frameworks",
				);
				PRODUCT_BUNDLE_IDENTIFIER = jorge.casariego.PeliculasWithMenu;
				PRODUCT_NAME = "$(TARGET_NAME)";
				SWIFT_VERSION = 5.0;
				TARGETED_DEVICE_FAMILY = "1,2";
			};
			name = Release;
		};
/* End XCBuildConfiguration section */

/* Begin XCConfigurationList section */
		272FA07822D38F550059585B /* Build configuration list for PBXProject "PeliculasWithMenu" */ = {
			isa = XCConfigurationList;
			buildConfigurations = (
				272FA08D22D38F560059585B /* Debug */,
				272FA08E22D38F560059585B /* Release */,
			);
			defaultConfigurationIsVisible = 0;
			defaultConfigurationName = Release;
		};
		272FA08F22D38F560059585B /* Build configuration list for PBXNativeTarget "PeliculasWithMenu" */ = {
			isa = XCConfigurationList;
			buildConfigurations = (
				272FA09022D38F560059585B /* Debug */,
				272FA09122D38F560059585B /* Release */,
			);
			defaultConfigurationIsVisible = 0;
			defaultConfigurationName = Release;
		};
/* End XCConfigurationList section */
	};
	rootObject = 272FA07522D38F550059585B /* Project object */;
}
